Microsoft Visual Studio Solution File, Format Version 12.00
# Visual Studio 17
VisualStudioVersion = 17.4.33122.133
MinimumVisualStudioVersion = 10.0.40219.1
Project("{a71ae580-b04b-488a-ba9c-a8394e8f5782}") = "NextGenGraphics.MostWanted", "NextGenGraphics.MostWanted.vcxproj", "{e8e260a3-65fb-48b9-a739-ca47eaf9603e}"
EndProject
Global
    GlobalSection(SolutionConfigurationPlatforms) = preSolution
        Debug_MW|Win32 = Debug_MW|Win32
        Release_MW|Win32 = Release_MW|Win32
    EndGlobalSection
    GlobalSection(ProjectConfigurationPlatforms) = postSolution
        {e8e260a3-65fb-48b9-a739-ca47eaf9603e}.Debug_MW|Win32.ActiveCfg = Debug_MW|Win32
        {e8e260a3-65fb-48b9-a739-ca47eaf9603e}.Debug_MW|Win32.Build.0 = Debug_MW|Win32
        {e8e260a3-65fb-48b9-a739-ca47eaf9603e}.Release_MW|Win32.ActiveCfg = Release_MW|Win32
        {e8e260a3-65fb-48b9-a739-ca47eaf9603e}.Release_MW|Win32.Build.0 = Release_MW|Win32
    EndGlobalSection
    GlobalSection(SolutionProperties) = preSolution
        HideSolutionNode = FALSE
    EndGlobalSection
EndGlobal
